
Microsoft Visual Studio Solution File, Format Version 12.00
# Visual Studio Version 17
VisualStudioVersion = 17.10.35013.160
MinimumVisualStudioVersion = 10.0.40219.1
Project("{9A19103F-16F7-4668-BE54-9A1E7A4F7556}") = "Server", "Server\Server.csproj", "{0CF76301-2E3D-4C50-B294-44250BF81BD3}"
EndProject
Project("{9A19103F-16F7-4668-BE54-9A1E7A4F7556}") = "Client", "Client\Client.csproj", "{381930B0-85EA-4D34-B3B8-8BA87C1F3A66}"
EndProject
Project("{9A19103F-16F7-4668-BE54-9A1E7A4F7556}") = "Logger", "Logger\Logger.csproj", "{C54404AF-A2A1-4EB7-ACB8-27E481A2E328}"
EndProject
Project("{9A19103F-16F7-4668-BE54-9A1E7A4F7556}") = "ConsoleUI", "ConsoleUI\ConsoleUI.csproj", "{198067F2-5BC6-4517-BE1A-3265DAED740E}"
EndProject
Project("{9A19103F-16F7-4668-BE54-9A1E7A4F7556}") = "NetworkSocket", "NetworkSocket\NetworkSocket.csproj", "{741934AF-3C2A-423A-A382-65B8AD66B677}"
EndProject
Global
	GlobalSection(SolutionConfigurationPlatforms) = preSolution
		Debug|Any CPU = Debug|Any CPU
		Release|Any CPU = Release|Any CPU
	EndGlobalSection
	GlobalSection(ProjectConfigurationPlatforms) = postSolution
		{0CF76301-2E3D-4C50-B294-44250BF81BD3}.Debug|Any CPU.ActiveCfg = Debug|Any CPU
		{0CF76301-2E3D-4C50-B294-44250BF81BD3}.Debug|Any CPU.Build.0 = Debug|Any CPU
		{0CF76301-2E3D-4C50-B294-44250BF81BD3}.Release|Any CPU.ActiveCfg = Release|Any CPU
		{0CF76301-2E3D-4C50-B294-44250BF81BD3}.Release|Any CPU.Build.0 = Release|Any CPU
		{381930B0-85EA-4D34-B3B8-8BA87C1F3A66}.Debug|Any CPU.ActiveCfg = Debug|Any CPU
		{381930B0-85EA-4D34-B3B8-8BA87C1F3A66}.Debug|Any CPU.Build.0 = Debug|Any CPU
		{381930B0-85EA-4D34-B3B8-8BA87C1F3A66}.Release|Any CPU.ActiveCfg = Release|Any CPU
		{381930B0-85EA-4D34-B3B8-8BA87C1F3A66}.Release|Any CPU.Build.0 = Release|Any CPU
		{C54404AF-A2A1-4EB7-ACB8-27E481A2E328}.Debug|Any CPU.ActiveCfg = Debug|Any CPU
		{C54404AF-A2A1-4EB7-ACB8-27E481A2E328}.Debug|Any CPU.Build.0 = Debug|Any CPU
		{C54404AF-A2A1-4EB7-ACB8-27E481A2E328}.Release|Any CPU.ActiveCfg = Release|Any CPU
		{C54404AF-A2A1-4EB7-ACB8-27E481A2E328}.Release|Any CPU.Build.0 = Release|Any CPU
		{198067F2-5BC6-4517-BE1A-3265DAED740E}.Debug|Any CPU.ActiveCfg = Debug|Any CPU
		{198067F2-5BC6-4517-BE1A-3265DAED740E}.Debug|Any CPU.Build.0 = Debug|Any CPU
		{198067F2-5BC6-4517-BE1A-3265DAED740E}.Release|Any CPU.ActiveCfg = Release|Any CPU
		{198067F2-5BC6-4517-BE1A-3265DAED740E}.Release|Any CPU.Build.0 = Release|Any CPU
		{741934AF-3C2A-423A-A382-65B8AD66B677}.Debug|Any CPU.ActiveCfg = Debug|Any CPU
		{741934AF-3C2A-423A-A382-65B8AD66B677}.Debug|Any CPU.Build.0 = Debug|Any CPU
		{741934AF-3C2A-423A-A382-65B8AD66B677}.Release|Any CPU.ActiveCfg = Release|Any CPU
		{741934AF-3C2A-423A-A382-65B8AD66B677}.Release|Any CPU.Build.0 = Release|Any CPU
	EndGlobalSection
	GlobalSection(SolutionProperties) = preSolution
		HideSolutionNode = FALSE
	EndGlobalSection
	GlobalSection(ExtensibilityGlobals) = postSolution
		SolutionGuid = {0F241F37-9CD9-4F32-A7A4-4D15B2BCCBD8}
	EndGlobalSection
EndGlobal
